
Microsoft Visual Studio Solution File, Format Version 12.00
# Visual Studio Version 16
VisualStudioVersion = 25.0.1704.1
MinimumVisualStudioVersion = 10.0.40219.1
Project("{FAE04EC0-301F-11D3-BF4B-00C04F79EFBC}") = "NethereumSignTypedData.Demo", "NethereumDemo\NethereumSignTypedData.Demo.csproj", "{7145F62F-3481-4B97-AE3D-3FCA85530421}"
EndProject
Global
	GlobalSection(SolutionConfigurationPlatforms) = preSolution
		Debug|Any CPU = Debug|Any CPU
		Release|Any CPU = Release|Any CPU
	EndGlobalSection
	GlobalSection(ProjectConfigurationPlatforms) = postSolution
		{7145F62F-3481-4B97-AE3D-3FCA85530421}.Debug|Any CPU.ActiveCfg = Debug|Any CPU
		{7145F62F-3481-4B97-AE3D-3FCA85530421}.Debug|Any CPU.Build.0 = Debug|Any CPU
		{7145F62F-3481-4B97-AE3D-3FCA85530421}.Release|Any CPU.ActiveCfg = Release|Any CPU
		{7145F62F-3481-4B97-AE3D-3FCA85530421}.Release|Any CPU.Build.0 = Release|Any CPU
	EndGlobalSection
	GlobalSection(SolutionProperties) = preSolution
		HideSolutionNode = FALSE
	EndGlobalSection
	GlobalSection(ExtensibilityGlobals) = postSolution
		SolutionGuid = {ECD7C9C9-45E8-464D-B888-81F93E8BDE86}
	EndGlobalSection
EndGlobal
